lockfileVersion: '9.0'

settings:
  autoInstallPeers: true
  excludeLinksFromLockfile: false

importers:

  .: {}

  packages/dsh-users-open-source:
    dependencies:
      dsh-users-open-source-workspace:
        specifier: workspace:^
        version: link:../dsh-users-open-source-workspace

  packages/dsh-users-open-source-workspace: {}
